// !$*UTF8*$!
{
	archiveVersion = 1;
	classes = {
	};
	objectVersion = 56;
	objects = {

/* Begin PBXBuildFile section */
		1D4BEE80288EB4E3009A265A /* AppDelegate.swift in Sources */ = {isa = PBXBuildFile; fileRef = 1D4BEE7F288EB4E3009A265A /* AppDelegate.swift */; };
		1D4BEE82288EB4E3009A265A /* SceneDelegate.swift in Sources */ = {isa = PBXBuildFile; fileRef = 1D4BEE81288EB4E3009A265A /* SceneDelegate.swift */; };
		1D4BEE84288EB4E3009A265A /* ViewController.swift in Sources */ = {isa = PBXBuildFile; fileRef = 1D4BEE83288EB4E3009A265A /* ViewController.swift */; };
		1D4BEE87288EB4E3009A265A /* Main.storyboard in Resources */ = {isa = PBXBuildFile; fileRef = 1D4BEE85288EB4E3009A265A /* Main.storyboard */; };
		1D4BEE89288EB4E5009A265A /* Assets.xcassets in Resources */ = {isa = PBXBuildFile; fileRef = 1D4BEE88288EB4E5009A265A /* Assets.xcassets */; };
		1D4BEE8C288EB4E5009A265A /* LaunchScreen.storyboard in Resources */ = {isa = PBXBuildFile; fileRef = 1D4BEE8A288EB4E5009A265A /* LaunchScreen.storyboard */; };
		1D4BEE97288EB4E5009A265A /* AutodocNewsTests.swift in Sources */ = {isa = PBXBuildFile; fileRef = 1D4BEE96288EB4E5009A265A /* AutodocNewsTests.swift */; };
		1D4BEEA1288EB4E5009A265A /* AutodocNewsUITests.swift in Sources */ = {isa = PBXBuildFile; fileRef = 1D4BEEA0288EB4E5009A265A /* AutodocNewsUITests.swift */; };
		1D4BEEA3288EB4E5009A265A /* AutodocNewsUITestsLaunchTests.swift in Sources */ = {isa = PBXBuildFile; fileRef = 1D4BEEA2288EB4E5009A265A /* AutodocNewsUITestsLaunchTests.swift */; };
/* End PBXBuildFile section */

/* Begin PBXContainerItemProxy section */
		1D4BEE93288EB4E5009A265A /* PBXContainerItemProxy */ = {
			isa = PBXContainerItemProxy;
			containerPortal = 1D4BEE74288EB4E3009A265A /* Project object */;
			proxyType = 1;
			remoteGlobalIDString = 1D4BEE7B288EB4E3009A265A;
			remoteInfo = AutodocNews;
		};
		1D4BEE9D288EB4E5009A265A /* PBXContainerItemProxy */ = {
			isa = PBXContainerItemProxy;
			containerPortal = 1D4BEE74288EB4E3009A265A /* Project object */;
			proxyType = 1;
			remoteGlobalIDString = 1D4BEE7B288EB4E3009A265A;
			remoteInfo = AutodocNews;
		};
/* End PBXContainerItemProxy section */

/* Begin PBXFileReference section */
		1D4BEE7C288EB4E3009A265A /* AutodocNews.app */ = {isa = PBXFileReference; explicitFileType = wrapper.application; includeInIndex = 0; path = AutodocNews.app; sourceTree = BUILT_PRODUCTS_DIR; };
		1D4BEE7F288EB4E3009A265A /* AppDelegate.swift */ = {isa = PBXFileReference; lastKnownFileType = sourcecode.swift; path = AppDelegate.swift; sourceTree = "<group>"; };
		1D4BEE81288EB4E3009A265A /* SceneDelegate.swift */ = {isa = PBXFileReference; lastKnownFileType = sourcecode.swift; path = SceneDelegate.swift; sourceTree = "<group>"; };
		1D4BEE83288EB4E3009A265A /* ViewController.swift */ = {isa = PBXFileReference; lastKnownFileType = sourcecode.swift; path = ViewController.swift; sourceTree = "<group>"; };
		1D4BEE86288EB4E3009A265A /* Base */ = {isa = PBXFileReference; lastKnownFileType = file.storyboard; name = Base; path = Base.lproj/Main.storyboard; sourceTree = "<group>"; };
		1D4BEE88288EB4E5009A265A /* Assets.xcassets */ = {isa = PBXFileReference; lastKnownFileType = folder.assetcatalog; path = Assets.xcassets; sourceTree = "<group>"; };
		1D4BEE8B288EB4E5009A265A /* Base */ = {isa = PBXFileReference; lastKnownFileType = file.storyboard; name = Base; path = Base.lproj/LaunchScreen.storyboard; sourceTree = "<group>"; };
		1D4BEE8D288EB4E5009A265A /* Info.plist */ = {isa = PBXFileReference; lastKnownFileType = text.plist.xml; path = Info.plist; sourceTree = "<group>"; };
		1D4BEE92288EB4E5009A265A /* AutodocNewsTests.xctest */ = {isa = PBXFileReference; explicitFileType = wrapper.cfbundle; includeInIndex = 0; path = AutodocNewsTests.xctest; sourceTree = BUILT_PRODUCTS_DIR; };
		1D4BEE96288EB4E5009A265A /* AutodocNewsTests.swift */ = {isa = PBXFileReference; lastKnownFileType = sourcecode.swift; path = AutodocNewsTests.swift; sourceTree = "<group>"; };
		1D4BEE9C288EB4E5009A265A /* AutodocNewsUITests.xctest */ = {isa = PBXFileReference; explicitFileType = wrapper.cfbundle; includeInIndex = 0; path = AutodocNewsUITests.xctest; sourceTree = BUILT_PRODUCTS_DIR; };
		1D4BEEA0288EB4E5009A265A /* AutodocNewsUITests.swift */ = {isa = PBXFileReference; lastKnownFileType = sourcecode.swift; path = AutodocNewsUITests.swift; sourceTree = "<group>"; };
		1D4BEEA2288EB4E5009A265A /* AutodocNewsUITestsLaunchTests.swift */ = {isa = PBXFileReference; lastKnownFileType = sourcecode.swift; path = AutodocNewsUITestsLaunchTests.swift; sourceTree = "<group>"; };
/* End PBXFileReference section */

/* Begin PBXFrameworksBuildPhase section */
		1D4BEE79288EB4E3009A265A /* Frameworks */ = {
			isa = PBXFrameworksBuildPhase;
			buildActionMask = 2147483647;
			files = (
			);
			runOnlyForDeploymentPostprocessing = 0;
		};
		1D4BEE8F288EB4E5009A265A /* Frameworks */ = {
			isa = PBXFrameworksBuildPhase;
			buildActionMask = 2147483647;
			files = (
			);
			runOnlyForDeploymentPostprocessing = 0;
		};
		1D4BEE99288EB4E5009A265A /* Frameworks */ = {
			isa = PBXFrameworksBuildPhase;
			buildActionMask = 2147483647;
			files = (
			);
			runOnlyForDeploymentPostprocessing = 0;
		};
/* End PBXFrameworksBuildPhase section */

/* Begin PBXGroup section */
		1D4BEE73288EB4E3009A265A = {
			isa = PBXGroup;
			children = (
				1D4BEE7E288EB4E3009A265A /* AutodocNews */,
				1D4BEE95288EB4E5009A265A /* AutodocNewsTests */,
				1D4BEE9F288EB4E5009A265A /* AutodocNewsUITests */,
				1D4BEE7D288EB4E3009A265A /* Products */,
			);
			sourceTree = "<group>";
		};
		1D4BEE7D288EB4E3009A265A /* Products */ = {
			isa = PBXGroup;
			children = (
				1D4BEE7C288EB4E3009A265A /* AutodocNews.app */,
				1D4BEE92288EB4E5009A265A /* AutodocNewsTests.xctest */,
				1D4BEE9C288EB4E5009A265A /* AutodocNewsUITests.xctest */,
			);
			name = Products;
			sourceTree = "<group>";
		};
		1D4BEE7E288EB4E3009A265A /* AutodocNews */ = {
			isa = PBXGroup;
			children = (
				1D4BEE7F288EB4E3009A265A /* AppDelegate.swift */,
				1D4BEE81288EB4E3009A265A /* SceneDelegate.swift */,
				1D4BEE83288EB4E3009A265A /* ViewController.swift */,
				1D4BEE85288EB4E3009A265A /* Main.storyboard */,
				1D4BEE88288EB4E5009A265A /* Assets.xcassets */,
				1D4BEE8A288EB4E5009A265A /* LaunchScreen.storyboard */,
				1D4BEE8D288EB4E5009A265A /* Info.plist */,
			);
			path = AutodocNews;
			sourceTree = "<group>";
		};
		1D4BEE95288EB4E5009A265A /* AutodocNewsTests */ = {
			isa = PBXGroup;
			children = (
				1D4BEE96288EB4E5009A265A /* AutodocNewsTests.swift */,
			);
			path = AutodocNewsTests;
			sourceTree = "<group>";
		};
		1D4BEE9F288EB4E5009A265A /* AutodocNewsUITests */ = {
			isa = PBXGroup;
			children = (
				1D4BEEA0288EB4E5009A265A /* AutodocNewsUITests.swift */,
				1D4BEEA2288EB4E5009A265A /* AutodocNewsUITestsLaunchTests.swift */,
			);
			path = AutodocNewsUITests;
			sourceTree = "<group>";
		};
/* End PBXGroup section */

/* Begin PBXNativeTarget section */
		1D4BEE7B288EB4E3009A265A /* AutodocNews */ = {
			isa = PBXNativeTarget;
			buildConfigurationList = 1D4BEEA6288EB4E5009A265A /* Build configuration list for PBXNativeTarget "AutodocNews" */;
			buildPhases = (
				1D4BEE78288EB4E3009A265A /* Sources */,
				1D4BEE79288EB4E3009A265A /* Frameworks */,
				1D4BEE7A288EB4E3009A265A /* Resources */,
			);
			buildRules = (
			);
			dependencies = (
			);
			name = AutodocNews;
			productName = AutodocNews;
			productReference = 1D4BEE7C288EB4E3009A265A /* AutodocNews.app */;
			productType = "com.apple.product-type.application";
		};
		1D4BEE91288EB4E5009A265A /* AutodocNewsTests */ = {
			isa = PBXNativeTarget;
			buildConfigurationList = 1D4BEEA9288EB4E5009A265A /* Build configuration list for PBXNativeTarget "AutodocNewsTests" */;
			buildPhases = (
				1D4BEE8E288EB4E5009A265A /* Sources */,
				1D4BEE8F288EB4E5009A265A /* Frameworks */,
				1D4BEE90288EB4E5009A265A /* Resources */,
			);
			buildRules = (
			);
			dependencies = (
				1D4BEE94288EB4E5009A265A /* PBXTargetDependency */,
			);
			name = AutodocNewsTests;
			productName = AutodocNewsTests;
			productReference = 1D4BEE92288EB4E5009A265A /* AutodocNewsTests.xctest */;
			productType = "com.apple.product-type.bundle.unit-test";
		};
		1D4BEE9B288EB4E5009A265A /* AutodocNewsUITests */ = {
			isa = PBXNativeTarget;
			buildConfigurationList = 1D4BEEAC288EB4E5009A265A /* Build configuration list for PBXNativeTarget "AutodocNewsUITests" */;
			buildPhases = (
				1D4BEE98288EB4E5009A265A /* Sources */,
				1D4BEE99288EB4E5009A265A /* Frameworks */,
				1D4BEE9A288EB4E5009A265A /* Resources */,
			);
			buildRules = (
			);
			dependencies = (
				1D4BEE9E288EB4E5009A265A /* PBXTargetDependency */,
			);
			name = AutodocNewsUITests;
			productName = AutodocNewsUITests;
			productReference = 1D4BEE9C288EB4E5009A265A /* AutodocNewsUITests.xctest */;
			productType = "com.apple.product-type.bundle.ui-testing";
		};
/* End PBXNativeTarget section */

/* Begin PBXProject section */
		1D4BEE74288EB4E3009A265A /* Project object */ = {
			isa = PBXProject;
			attributes = {
				BuildIndependentTargetsInParallel = 1;
				LastSwiftUpdateCheck = 1400;
				LastUpgradeCheck = 1400;
				TargetAttributes = {
					1D4BEE7B288EB4E3009A265A = {
						CreatedOnToolsVersion = 14.0;
					};
					1D4BEE91288EB4E5009A265A = {
						CreatedOnToolsVersion = 14.0;
						TestTargetID = 1D4BEE7B288EB4E3009A265A;
					};
					1D4BEE9B288EB4E5009A265A = {
						CreatedOnToolsVersion = 14.0;
						TestTargetID = 1D4BEE7B288EB4E3009A265A;
					};
				};
			};
			buildConfigurationList = 1D4BEE77288EB4E3009A265A /* Build configuration list for PBXProject "AutodocNews" */;
			compatibilityVersion = "Xcode 14.0";
			developmentRegion = en;
			hasScannedForEncodings = 0;
			knownRegions = (
				en,
				Base,
			);
			mainGroup = 1D4BEE73288EB4E3009A265A;
			productRefGroup = 1D4BEE7D288EB4E3009A265A /* Products */;
			projectDirPath = "";
			projectRoot = "";
			targets = (
				1D4BEE7B288EB4E3009A265A /* AutodocNews */,
				1D4BEE91288EB4E5009A265A /* AutodocNewsTests */,
				1D4BEE9B288EB4E5009A265A /* AutodocNewsUITests */,
			);
		};
/* End PBXProject section */

/* Begin PBXResourcesBuildPhase section */
		1D4BEE7A288EB4E3009A265A /* Resources */ = {
			isa = PBXResourcesBuildPhase;
			buildActionMask = 2147483647;
			files = (
				1D4BEE8C288EB4E5009A265A /* LaunchScreen.storyboard in Resources */,
				1D4BEE89288EB4E5009A265A /* Assets.xcassets in Resources */,
				1D4BEE87288EB4E3009A265A /* Main.storyboard in Resources */,
			);
			runOnlyForDeploymentPostprocessing = 0;
		};
		1D4BEE90288EB4E5009A265A /* Resources */ = {
			isa = PBXResourcesBuildPhase;
			buildActionMask = 2147483647;
			files = (
			);
			runOnlyForDeploymentPostprocessing = 0;
		};
		1D4BEE9A288EB4E5009A265A /* Resources */ = {
			isa = PBXResourcesBuildPhase;
			buildActionMask = 2147483647;
			files = (
			);
			runOnlyForDeploymentPostprocessing = 0;
		};
/* End PBXResourcesBuildPhase section */

/* Begin PBXSourcesBuildPhase section */
		1D4BEE78288EB4E3009A265A /* Sources */ = {
			isa = PBXSourcesBuildPhase;
			buildActionMask = 2147483647;
			files = (
				1D4BEE84288EB4E3009A265A /* ViewController.swift in Sources */,
				1D4BEE80288EB4E3009A265A /* AppDelegate.swift in Sources */,
				1D4BEE82288EB4E3009A265A /* SceneDelegate.swift in Sources */,
			);
			runOnlyForDeploymentPostprocessing = 0;
		};
		1D4BEE8E288EB4E5009A265A /* Sources */ = {
			isa = PBXSourcesBuildPhase;
			buildActionMask = 2147483647;
			files = (
				1D4BEE97288EB4E5009A265A /* AutodocNewsTests.swift in Sources */,
			);
			runOnlyForDeploymentPostprocessing = 0;
		};
		1D4BEE98288EB4E5009A265A /* Sources */ = {
			isa = PBXSourcesBuildPhase;
			buildActionMask = 2147483647;
			files = (
				1D4BEEA1288EB4E5009A265A /* AutodocNewsUITests.swift in Sources */,
				1D4BEEA3288EB4E5009A265A /* AutodocNewsUITestsLaunchTests.swift in Sources */,
			);
			runOnlyForDeploymentPostprocessing = 0;
		};
/* End PBXSourcesBuildPhase section */

/* Begin PBXTargetDependency section */
		1D4BEE94288EB4E5009A265A /* PBXTargetDependency */ = {
			isa = PBXTargetDependency;
			target = 1D4BEE7B288EB4E3009A265A /* AutodocNews */;
			targetProxy = 1D4BEE93288EB4E5009A265A /* PBXContainerItemProxy */;
		};
		1D4BEE9E288EB4E5009A265A /* PBXTargetDependency */ = {
			isa = PBXTargetDependency;
			target = 1D4BEE7B288EB4E3009A265A /* AutodocNews */;
			targetProxy = 1D4BEE9D288EB4E5009A265A /* PBXContainerItemProxy */;
		};
/* End PBXTargetDependency section */

/* Begin PBXVariantGroup section */
		1D4BEE85288EB4E3009A265A /* Main.storyboard */ = {
			isa = PBXVariantGroup;
			children = (
				1D4BEE86288EB4E3009A265A /* Base */,
			);
			name = Main.storyboard;
			sourceTree = "<group>";
		};
		1D4BEE8A288EB4E5009A265A /* LaunchScreen.storyboard */ = {
			isa = PBXVariantGroup;
			children = (
				1D4BEE8B288EB4E5009A265A /* Base */,
			);
			name = LaunchScreen.storyboard;
			sourceTree = "<group>";
		};
/* End PBXVariantGroup section */

/* Begin XCBuildConfiguration section */
		1D4BEEA4288EB4E5009A265A /* Debug */ = {
			isa = XCBuildConfiguration;
			buildSettings = {
				ALWAYS_SEARCH_USER_PATHS = NO;
				CLANG_ANALYZER_NONNULL = YES;
				CLANG_ANALYZER_NUMBER_OBJECT_CONVERSION = YES_AGGRESSIVE;
				CLANG_CXX_LANGUAGE_STANDARD = "gnu++20";
				CLANG_ENABLE_MODULES = YES;
				CLANG_ENABLE_OBJC_ARC = YES;
				CLANG_ENABLE_OBJC_WEAK = YES;
				CLANG_WARN_BLOCK_CAPTURE_AUTORELEASING = YES;
				CLANG_WARN_BOOL_CONVERSION = YES;
				CLANG_WARN_COMMA = YES;
				CLANG_WARN_CONSTANT_CONVERSION = YES;
				CLANG_WARN_DEPRECATED_OBJC_IMPLEMENTATIONS = YES;
				CLANG_WARN_DIRECT_OBJC_ISA_USAGE = YES_ERROR;
				CLANG_WARN_DOCUMENTATION_COMMENTS = YES;
				CLANG_WARN_EMPTY_BODY = YES;
				CLANG_WARN_ENUM_CONVERSION = YES;
				CLANG_WARN_INFINITE_RECURSION = YES;
				CLANG_WARN_INT_CONVERSION = YES;
				CLANG_WARN_NON_LITERAL_NULL_CONVERSION = YES;
				CLANG_WARN_OBJC_IMPLICIT_RETAIN_SELF = YES;
				CLANG_WARN_OBJC_LITERAL_CONVERSION = YES;
				CLANG_WARN_OBJC_ROOT_CLASS = YES_ERROR;
				CLANG_WARN_QUOTED_INCLUDE_IN_FRAMEWORK_HEADER = YES;
				CLANG_WARN_RANGE_LOOP_ANALYSIS = YES;
				CLANG_WARN_STRICT_PROTOTYPES = YES;
				CLANG_WARN_SUSPICIOUS_MOVE = YES;
				CLANG_WARN_UNGUARDED_AVAILABILITY = YES_AGGRESSIVE;
				CLANG_WARN_UNREACHABLE_CODE = YES;
				CLANG_WARN__DUPLICATE_METHOD_MATCH = YES;
				COPY_PHASE_STRIP = NO;
				DEBUG_INFORMATION_FORMAT = dwarf;
				ENABLE_STRICT_OBJC_MSGSEND = YES;
				ENABLE_TESTABILITY = YES;
				GCC_C_LANGUAGE_STANDARD = gnu11;
				GCC_DYNAMIC_NO_PIC = NO;
				GCC_NO_COMMON_BLOCKS = YES;
				GCC_OPTIMIZATION_LEVEL = 0;
				GCC_PREPROCESSOR_DEFINITIONS = (
					"DEBUG=1",
					"$(inherited)",
				);
				GCC_WARN_64_TO_32_BIT_CONVERSION = YES;
				GCC_WARN_ABOUT_RETURN_TYPE = YES_ERROR;
				GCC_WARN_UNDECLARED_SELECTOR = YES;
				GCC_WARN_UNINITIALIZED_AUTOS = YES_AGGRESSIVE;
				GCC_WARN_UNUSED_FUNCTION = YES;
				GCC_WARN_UNUSED_VARIABLE = YES;
				IPHONEOS_DEPLOYMENT_TARGET = 16.0;
				MTL_ENABLE_DEBUG_INFO = INCLUDE_SOURCE;
				MTL_FAST_MATH = YES;
				ONLY_ACTIVE_ARCH = YES;
				SDKROOT = iphoneos;
				SWIFT_ACTIVE_COMPILATION_CONDITIONS = DEBUG;
				SWIFT_OPTIMIZATION_LEVEL = "-Onone";
			};
			name = Debug;
		};
		1D4BEEA5288EB4E5009A265A /* Release */ = {
			isa = XCBuildConfiguration;
			buildSettings = {
				ALWAYS_SEARCH_USER_PATHS = NO;
				CLANG_ANALYZER_NONNULL = YES;
				CLANG_ANALYZER_NUMBER_OBJECT_CONVERSION = YES_AGGRESSIVE;
				CLANG_CXX_LANGUAGE_STANDARD = "gnu++20";
				CLANG_ENABLE_MODULES = YES;
				CLANG_ENABLE_OBJC_ARC = YES;
				CLANG_ENABLE_OBJC_WEAK = YES;
				CLANG_WARN_BLOCK_CAPTURE_AUTORELEASING = YES;
				CLANG_WARN_BOOL_CONVERSION = YES;
				CLANG_WARN_COMMA = YES;
				CLANG_WARN_CONSTANT_CONVERSION = YES;
				CLANG_WARN_DEPRECATED_OBJC_IMPLEMENTATIONS = YES;
				CLANG_WARN_DIRECT_OBJC_ISA_USAGE = YES_ERROR;
				CLANG_WARN_DOCUMENTATION_COMMENTS = YES;
				CLANG_WARN_EMPTY_BODY = YES;
				CLANG_WARN_ENUM_CONVERSION = YES;
				CLANG_WARN_INFINITE_RECURSION = YES;
				CLANG_WARN_INT_CONVERSION = YES;
				CLANG_WARN_NON_LITERAL_NULL_CONVERSION = YES;
				CLANG_WARN_OBJC_IMPLICIT_RETAIN_SELF = YES;
				CLANG_WARN_OBJC_LITERAL_CONVERSION = YES;
				CLANG_WARN_OBJC_ROOT_CLASS = YES_ERROR;
				CLANG_WARN_QUOTED_INCLUDE_IN_FRAMEWORK_HEADER = YES;
				CLANG_WARN_RANGE_LOOP_ANALYSIS = YES;
				CLANG_WARN_STRICT_PROTOTYPES = YES;
				CLANG_WARN_SUSPICIOUS_MOVE = YES;
				CLANG_WARN_UNGUARDED_AVAILABILITY = YES_AGGRESSIVE;
				CLANG_WARN_UNREACHABLE_CODE = YES;
				CLANG_WARN__DUPLICATE_METHOD_MATCH = YES;
				COPY_PHASE_STRIP = NO;
				DEBUG_INFORMATION_FORMAT = "dwarf-with-dsym";
				ENABLE_NS_ASSERTIONS = NO;
				ENABLE_STRICT_OBJC_MSGSEND = YES;
				GCC_C_LANGUAGE_STANDARD = gnu11;
				GCC_NO_COMMON_BLOCKS = YES;
				GCC_WARN_64_TO_32_BIT_CONVERSION = YES;
				GCC_WARN_ABOUT_RETURN_TYPE = YES_ERROR;
				GCC_WARN_UNDECLARED_SELECTOR = YES;
				GCC_WARN_UNINITIALIZED_AUTOS = YES_AGGRESSIVE;
				GCC_WARN_UNUSED_FUNCTION = YES;
				GCC_WARN_UNUSED_VARIABLE = YES;
				IPHONEOS_DEPLOYMENT_TARGET = 16.0;
				MTL_ENABLE_DEBUG_INFO = NO;
				MTL_FAST_MATH = YES;
				SDKROOT = iphoneos;
				SWIFT_COMPILATION_MODE = wholemodule;
				SWIFT_OPTIMIZATION_LEVEL = "-O";
				VALIDATE_PRODUCT = YES;
			};
			name = Release;
		};
		1D4BEEA7288EB4E5009A265A /* Debug */ = {
			isa = XCBuildConfiguration;
			buildSettings = {
				ASSETCATALOG_COMPILER_APPICON_NAME = AppIcon;
				ASSETCATALOG_COMPILER_GLOBAL_ACCENT_COLOR_NAME = AccentColor;
				CODE_SIGN_STYLE = Automatic;
				CURRENT_PROJECT_VERSION = 1;
				DEVELOPMENT_TEAM = A4XS5H72CE;
				GENERATE_INFOPLIST_FILE = YES;
				INFOPLIST_FILE = AutodocNews/Info.plist;
				INFOPLIST_KEY_UIApplicationSupportsIndirectInputEvents = YES;
				INFOPLIST_KEY_UILaunchStoryboardName = LaunchScreen;
				INFOPLIST_KEY_UIMainStoryboardFile = Main;
				INFOPLIST_KEY_UISupportedInterfaceOrientations_iPad = "UIInterfaceOrientationPortrait UIInterfaceOrientationPortraitUpsideDown UIInterfaceOrientationLandscapeLeft UIInterfaceOrientationLandscapeRight";
				INFOPLIST_KEY_UISupportedInterfaceOrientations_iPhone = "UIInterfaceOrientationPortrait UIInterfaceOrientationLandscapeLeft UIInterfaceOrientationLandscapeRight";
				LD_RUNPATH_SEARCH_PATHS = (
					"$(inherited)",
					"@executable_path/Frameworks",
				);
				MARKETING_VERSION = 1.0;
				PRODUCT_BUNDLE_IDENTIFIER = d.AutodocNews;
				PRODUCT_NAME = "$(TARGET_NAME)";
				SWIFT_EMIT_LOC_STRINGS = YES;
				SWIFT_VERSION = 5.0;
				TARGETED_DEVICE_FAMILY = "1,2";
			};
			name = Debug;
		};
		1D4BEEA8288EB4E5009A265A /* Release */ = {
			isa = XCBuildConfiguration;
			buildSettings = {
				ASSETCATALOG_COMPILER_APPICON_NAME = AppIcon;
				ASSETCATALOG_COMPILER_GLOBAL_ACCENT_COLOR_NAME = AccentColor;
				CODE_SIGN_STYLE = Automatic;
				CURRENT_PROJECT_VERSION = 1;
				DEVELOPMENT_TEAM = A4XS5H72CE;
				GENERATE_INFOPLIST_FILE = YES;
				INFOPLIST_FILE = AutodocNews/Info.plist;
				INFOPLIST_KEY_UIApplicationSupportsIndirectInputEvents = YES;
				INFOPLIST_KEY_UILaunchStoryboardName = LaunchScreen;
				INFOPLIST_KEY_UIMainStoryboardFile = Main;
				INFOPLIST_KEY_UISupportedInterfaceOrientations_iPad = "UIInterfaceOrientationPortrait UIInterfaceOrientationPortraitUpsideDown UIInterfaceOrientationLandscapeLeft UIInterfaceOrientationLandscapeRight";
				INFOPLIST_KEY_UISupportedInterfaceOrientations_iPhone = "UIInterfaceOrientationPortrait UIInterfaceOrientationLandscapeLeft UIInterfaceOrientationLandscapeRight";
				LD_RUNPATH_SEARCH_PATHS = (
					"$(inherited)",
					"@executable_path/Frameworks",
				);
				MARKETING_VERSION = 1.0;
				PRODUCT_BUNDLE_IDENTIFIER = d.AutodocNews;
				PRODUCT_NAME = "$(TARGET_NAME)";
				SWIFT_EMIT_LOC_STRINGS = YES;
				SWIFT_VERSION = 5.0;
				TARGETED_DEVICE_FAMILY = "1,2";
			};
			name = Release;
		};
		1D4BEEAA288EB4E5009A265A /* Debug */ = {
			isa = XCBuildConfiguration;
			buildSettings = {
				ALWAYS_EMBED_SWIFT_STANDARD_LIBRARIES = YES;
				BUNDLE_LOADER = "$(TEST_HOST)";
				CODE_SIGN_STYLE = Automatic;
				CURRENT_PROJECT_VERSION = 1;
				DEVELOPMENT_TEAM = A4XS5H72CE;
				GENERATE_INFOPLIST_FILE = YES;
				IPHONEOS_DEPLOYMENT_TARGET = 16.0;
				MARKETING_VERSION = 1.0;
				PRODUCT_BUNDLE_IDENTIFIER = d.AutodocNewsTests;
				PRODUCT_NAME = "$(TARGET_NAME)";
				SWIFT_EMIT_LOC_STRINGS = NO;
				SWIFT_VERSION = 5.0;
				TARGETED_DEVICE_FAMILY = "1,2";
				TEST_HOST = "$(BUILT_PRODUCTS_DIR)/AutodocNews.app/$(BUNDLE_EXECUTABLE_FOLDER_PATH)/AutodocNews";
			};
			name = Debug;
		};
		1D4BEEAB288EB4E5009A265A /* Release */ = {
			isa = XCBuildConfiguration;
			buildSettings = {
				ALWAYS_EMBED_SWIFT_STANDARD_LIBRARIES = YES;
				BUNDLE_LOADER = "$(TEST_HOST)";
				CODE_SIGN_STYLE = Automatic;
				CURRENT_PROJECT_VERSION = 1;
				DEVELOPMENT_TEAM = A4XS5H72CE;
				GENERATE_INFOPLIST_FILE = YES;
				IPHONEOS_DEPLOYMENT_TARGET = 16.0;
				MARKETING_VERSION = 1.0;
				PRODUCT_BUNDLE_IDENTIFIER = d.AutodocNewsTests;
				PRODUCT_NAME = "$(TARGET_NAME)";
				SWIFT_EMIT_LOC_STRINGS = NO;
				SWIFT_VERSION = 5.0;
				TARGETED_DEVICE_FAMILY = "1,2";
				TEST_HOST = "$(BUILT_PRODUCTS_DIR)/AutodocNews.app/$(BUNDLE_EXECUTABLE_FOLDER_PATH)/AutodocNews";
			};
			name = Release;
		};
		1D4BEEAD288EB4E5009A265A /* Debug */ = {
			isa = XCBuildConfiguration;
			buildSettings = {
				ALWAYS_EMBED_SWIFT_STANDARD_LIBRARIES = YES;
				CODE_SIGN_STYLE = Automatic;
				CURRENT_PROJECT_VERSION = 1;
				DEVELOPMENT_TEAM = A4XS5H72CE;
				GENERATE_INFOPLIST_FILE = YES;
				MARKETING_VERSION = 1.0;
				PRODUCT_BUNDLE_IDENTIFIER = d.AutodocNewsUITests;
				PRODUCT_NAME = "$(TARGET_NAME)";
				SWIFT_EMIT_LOC_STRINGS = NO;
				SWIFT_VERSION = 5.0;
				TARGETED_DEVICE_FAMILY = "1,2";
				TEST_TARGET_NAME = AutodocNews;
			};
			name = Debug;
		};
		1D4BEEAE288EB4E5009A265A /* Release */ = {
			isa = XCBuildConfiguration;
			buildSettings = {
				ALWAYS_EMBED_SWIFT_STANDARD_LIBRARIES = YES;
				CODE_SIGN_STYLE = Automatic;
				CURRENT_PROJECT_VERSION = 1;
				DEVELOPMENT_TEAM = A4XS5H72CE;
				GENERATE_INFOPLIST_FILE = YES;
				MARKETING_VERSION = 1.0;
				PRODUCT_BUNDLE_IDENTIFIER = d.AutodocNewsUITests;
				PRODUCT_NAME = "$(TARGET_NAME)";
				SWIFT_EMIT_LOC_STRINGS = NO;
				SWIFT_VERSION = 5.0;
				TARGETED_DEVICE_FAMILY = "1,2";
				TEST_TARGET_NAME = AutodocNews;
			};
			name = Release;
		};
/* End XCBuildConfiguration section */

/* Begin XCConfigurationList section */
		1D4BEE77288EB4E3009A265A /* Build configuration list for PBXProject "AutodocNews" */ = {
			isa = XCConfigurationList;
			buildConfigurations = (
				1D4BEEA4288EB4E5009A265A /* Debug */,
				1D4BEEA5288EB4E5009A265A /* Release */,
			);
			defaultConfigurationIsVisible = 0;
			defaultConfigurationName = Release;
		};
		1D4BEEA6288EB4E5009A265A /* Build configuration list for PBXNativeTarget "AutodocNews" */ = {
			isa = XCConfigurationList;
			buildConfigurations = (
				1D4BEEA7288EB4E5009A265A /* Debug */,
				1D4BEEA8288EB4E5009A265A /* Release */,
			);
			defaultConfigurationIsVisible = 0;
			defaultConfigurationName = Release;
		};
		1D4BEEA9288EB4E5009A265A /* Build configuration list for PBXNativeTarget "AutodocNewsTests" */ = {
			isa = XCConfigurationList;
			buildConfigurations = (
				1D4BEEAA288EB4E5009A265A /* Debug */,
				1D4BEEAB288EB4E5009A265A /* Release */,
			);
			defaultConfigurationIsVisible = 0;
			defaultConfigurationName = Release;
		};
		1D4BEEAC288EB4E5009A265A /* Build configuration list for PBXNativeTarget "AutodocNewsUITests" */ = {
			isa = XCConfigurationList;
			buildConfigurations = (
				1D4BEEAD288EB4E5009A265A /* Debug */,
				1D4BEEAE288EB4E5009A265A /* Release */,
			);
			defaultConfigurationIsVisible = 0;
			defaultConfigurationName = Release;
		};
/* End XCConfigurationList section */
	};
	rootObject = 1D4BEE74288EB4E3009A265A /* Project object */;
}
